// !$*UTF8*$!
{
	archiveVersion = 1;
	classes = {
	};
	objectVersion = 77;
	objects = {

/* Begin PBXContainerItemProxy section */
		1814E5A62F9AEE29004DF657 /* PBXContainerItemProxy */ = {
			isa = PBXContainerItemProxy;
			containerPortal = 1814E5902F9AEE28004DF657 /* Project object */;
			proxyType = 1;
			remoteGlobalIDString = 1814E5972F9AEE28004DF657;
			remoteInfo = LinguicaSubTracker;
		};
		1814E5B02F9AEE29004DF657 /* PBXContainerItemProxy */ = {
			isa = PBXContainerItemProxy;
			containerPortal = 1814E5902F9AEE28004DF657 /* Project object */;
			proxyType = 1;
			remoteGlobalIDString = 1814E5972F9AEE28004DF657;
			remoteInfo = LinguicaSubTracker;
		};
/* End PBXContainerItemProxy section */

/* Begin PBXFileReference section */
		1814E5982F9AEE28004DF657 /* LinguicaSubTracker.app */ = {isa = PBXFileReference; explicitFileType = wrapper.application; includeInIndex = 0; path = LinguicaSubTracker.app; sourceTree = BUILT_PRODUCTS_DIR; };
		1814E5A52F9AEE29004DF657 /* LinguicaSubTrackerTests.xctest */ = {isa = PBXFileReference; explicitFileType = wrapper.cfbundle; includeInIndex = 0; path = LinguicaSubTrackerTests.xctest; sourceTree = BUILT_PRODUCTS_DIR; };
		1814E5AF2F9AEE29004DF657 /* LinguicaSubTrackerUITests.xctest */ = {isa = PBXFileReference; explicitFileType = wrapper.cfbundle; includeInIndex = 0; path = LinguicaSubTrackerUITests.xctest; sourceTree = BUILT_PRODUCTS_DIR; };
/* End PBXFileReference section */

/* Begin PBXFileSystemSynchronizedRootGroup section */
		1814E59A2F9AEE28004DF657 /* LinguicaSubTracker */ = {
			isa = PBXFileSystemSynchronizedRootGroup;
			path = LinguicaSubTracker;
			sourceTree = "<group>";
		};
		1814E5A82F9AEE29004DF657 /* LinguicaSubTrackerTests */ = {
			isa = PBXFileSystemSynchronizedRootGroup;
			path = LinguicaSubTrackerTests;
			sourceTree = "<group>";
		};
		1814E5B22F9AEE29004DF657 /* LinguicaSubTrackerUITests */ = {
			isa = PBXFileSystemSynchronizedRootGroup;
			path = LinguicaSubTrackerUITests;
			sourceTree = "<group>";
		};
/* End PBXFileSystemSynchronizedRootGroup section */

/* Begin PBXFrameworksBuildPhase section */
		1814E5952F9AEE28004DF657 /* Frameworks */ = {
			isa = PBXFrameworksBuildPhase;
			buildActionMask = 2147483647;
			files = (
			);
			runOnlyForDeploymentPostprocessing = 0;
		};
		1814E5A22F9AEE29004DF657 /* Frameworks */ = {
			isa = PBXFrameworksBuildPhase;
			buildActionMask = 2147483647;
			files = (
			);
			runOnlyForDeploymentPostprocessing = 0;
		};
		1814E5AC2F9AEE29004DF657 /* Frameworks */ = {
			isa = PBXFrameworksBuildPhase;
			buildActionMask = 2147483647;
			files = (
			);
			runOnlyForDeploymentPostprocessing = 0;
		};
/* End PBXFrameworksBuildPhase section */

/* Begin PBXGroup section */
		1814E58F2F9AEE28004DF657 = {
			isa = PBXGroup;
			children = (
				1814E59A2F9AEE28004DF657 /* LinguicaSubTracker */,
				1814E5A82F9AEE29004DF657 /* LinguicaSubTrackerTests */,
				1814E5B22F9AEE29004DF657 /* LinguicaSubTrackerUITests */,
				1814E5992F9AEE28004DF657 /* Products */,
			);
			sourceTree = "<group>";
		};
		1814E5992F9AEE28004DF657 /* Products */ = {
			isa = PBXGroup;
			children = (
				1814E5982F9AEE28004DF657 /* LinguicaSubTracker.app */,
				1814E5A52F9AEE29004DF657 /* LinguicaSubTrackerTests.xctest */,
				1814E5AF2F9AEE29004DF657 /* LinguicaSubTrackerUITests.xctest */,
			);
			name = Products;
			sourceTree = "<group>";
		};
/* End PBXGroup section */

/* Begin PBXNativeTarget section */
		1814E5972F9AEE28004DF657 /* LinguicaSubTracker */ = {
			isa = PBXNativeTarget;
			buildConfigurationList = 1814E5B92F9AEE29004DF657 /* Build configuration list for PBXNativeTarget "LinguicaSubTracker" */;
			buildPhases = (
				1814E5942F9AEE28004DF657 /* Sources */,
				1814E5952F9AEE28004DF657 /* Frameworks */,
				1814E5962F9AEE28004DF657 /* Resources */,
			);
			buildRules = (
			);
			dependencies = (
			);
			fileSystemSynchronizedGroups = (
				1814E59A2F9AEE28004DF657 /* LinguicaSubTracker */,
			);
			name = LinguicaSubTracker;
			packageProductDependencies = (
			);
			productName = LinguicaSubTracker;
			productReference = 1814E5982F9AEE28004DF657 /* LinguicaSubTracker.app */;
			productType = "com.apple.product-type.application";
		};
		1814E5A42F9AEE29004DF657 /* LinguicaSubTrackerTests */ = {
			isa = PBXNativeTarget;
			buildConfigurationList = 1814E5BC2F9AEE29004DF657 /* Build configuration list for PBXNativeTarget "LinguicaSubTrackerTests" */;
			buildPhases = (
				1814E5A12F9AEE29004DF657 /* Sources */,
				1814E5A22F9AEE29004DF657 /* Frameworks */,
				1814E5A32F9AEE29004DF657 /* Resources */,
			);
			buildRules = (
			);
			dependencies = (
				1814E5A72F9AEE29004DF657 /* PBXTargetDependency */,
			);
			fileSystemSynchronizedGroups = (
				1814E5A82F9AEE29004DF657 /* LinguicaSubTrackerTests */,
			);
			name = LinguicaSubTrackerTests;
			packageProductDependencies = (
			);
			productName = LinguicaSubTrackerTests;
			productReference = 1814E5A52F9AEE29004DF657 /* LinguicaSubTrackerTests.xctest */;
			productType = "com.apple.product-type.bundle.unit-test";
		};
		1814E5AE2F9AEE29004DF657 /* LinguicaSubTrackerUITests */ = {
			isa = PBXNativeTarget;
			buildConfigurationList = 1814E5BF2F9AEE29004DF657 /* Build configuration list for PBXNativeTarget "LinguicaSubTrackerUITests" */;
			buildPhases = (
				1814E5AB2F9AEE29004DF657 /* Sources */,
				1814E5AC2F9AEE29004DF657 /* Frameworks */,
				1814E5AD2F9AEE29004DF657 /* Resources */,
			);
			buildRules = (
			);
			dependencies = (
				1814E5B12F9AEE29004DF657 /* PBXTargetDependency */,
			);
			fileSystemSynchronizedGroups = (
				1814E5B22F9AEE29004DF657 /* LinguicaSubTrackerUITests */,
			);
			name = LinguicaSubTrackerUITests;
			packageProductDependencies = (
			);
			productName = LinguicaSubTrackerUITests;
			productReference = 1814E5AF2F9AEE29004DF657 /* LinguicaSubTrackerUITests.xctest */;
			productType = "com.apple.product-type.bundle.ui-testing";
		};
/* End PBXNativeTarget section */

/* Begin PBXProject section */
		1814E5902F9AEE28004DF657 /* Project object */ = {
			isa = PBXProject;
			attributes = {
				BuildIndependentTargetsInParallel = 1;
				LastSwiftUpdateCheck = 2640;
				LastUpgradeCheck = 2640;
				TargetAttributes = {
					1814E5972F9AEE28004DF657 = {
						CreatedOnToolsVersion = 26.4.1;
					};
					1814E5A42F9AEE29004DF657 = {
						CreatedOnToolsVersion = 26.4.1;
						TestTargetID = 1814E5972F9AEE28004DF657;
					};
					1814E5AE2F9AEE29004DF657 = {
						CreatedOnToolsVersion = 26.4.1;
						TestTargetID = 1814E5972F9AEE28004DF657;
					};
				};
			};
			buildConfigurationList = 1814E5932F9AEE28004DF657 /* Build configuration list for PBXProject "LinguicaSubTracker" */;
			developmentRegion = en;
			hasScannedForEncodings = 0;
			knownRegions = (
				en,
				Base,
			);
			mainGroup = 1814E58F2F9AEE28004DF657;
			minimizedProjectReferenceProxies = 1;
			preferredProjectObjectVersion = 77;
			productRefGroup = 1814E5992F9AEE28004DF657 /* Products */;
			projectDirPath = "";
			projectRoot = "";
			targets = (
				1814E5972F9AEE28004DF657 /* LinguicaSubTracker */,
				1814E5A42F9AEE29004DF657 /* LinguicaSubTrackerTests */,
				1814E5AE2F9AEE29004DF657 /* LinguicaSubTrackerUITests */,
			);
		};
/* End PBXProject section */

/* Begin PBXResourcesBuildPhase section */
		1814E5962F9AEE28004DF657 /* Resources */ = {
			isa = PBXResourcesBuildPhase;
			buildActionMask = 2147483647;
			files = (
			);
			runOnlyForDeploymentPostprocessing = 0;
		};
		1814E5A32F9AEE29004DF657 /* Resources */ = {
			isa = PBXResourcesBuildPhase;
			buildActionMask = 2147483647;
			files = (
			);
			runOnlyForDeploymentPostprocessing = 0;
		};
		1814E5AD2F9AEE29004DF657 /* Resources */ = {
			isa = PBXResourcesBuildPhase;
			buildActionMask = 2147483647;
			files = (
			);
			runOnlyForDeploymentPostprocessing = 0;
		};
/* End PBXResourcesBuildPhase section */

/* Begin PBXSourcesBuildPhase section */
		1814E5942F9AEE28004DF657 /* Sources */ = {
			isa = PBXSourcesBuildPhase;
			buildActionMask = 2147483647;
			files = (
			);
			runOnlyForDeploymentPostprocessing = 0;
		};
		1814E5A12F9AEE29004DF657 /* Sources */ = {
			isa = PBXSourcesBuildPhase;
			buildActionMask = 2147483647;
			files = (
			);
			runOnlyForDeploymentPostprocessing = 0;
		};
		1814E5AB2F9AEE29004DF657 /* Sources */ = {
			isa = PBXSourcesBuildPhase;
			buildActionMask = 2147483647;
			files = (
			);
			runOnlyForDeploymentPostprocessing = 0;
		};
/* End PBXSourcesBuildPhase section */

/* Begin PBXTargetDependency section */
		1814E5A72F9AEE29004DF657 /* PBXTargetDependency */ = {
			isa = PBXTargetDependency;
			target = 1814E5972F9AEE28004DF657 /* LinguicaSubTracker */;
			targetProxy = 1814E5A62F9AEE29004DF657 /* PBXContainerItemProxy */;
		};
		1814E5B12F9AEE29004DF657 /* PBXTargetDependency */ = {
			isa = PBXTargetDependency;
			target = 1814E5972F9AEE28004DF657 /* LinguicaSubTracker */;
			targetProxy = 1814E5B02F9AEE29004DF657 /* PBXContainerItemProxy */;
		};
/* End PBXTargetDependency section */

/* Begin XCBuildConfiguration section */
		1814E5B72F9AEE29004DF657 /* Debug */ = {
			isa = XCBuildConfiguration;
			buildSettings = {
				ALWAYS_SEARCH_USER_PATHS = NO;
				ASSETCATALOG_COMPILER_GENERATE_SWIFT_ASSET_SYMBOL_EXTENSIONS = YES;
				CLANG_ANALYZER_NONNULL = YES;
				CLANG_ANALYZER_NUMBER_OBJECT_CONVERSION = YES_AGGRESSIVE;
				CLANG_CXX_LANGUAGE_STANDARD = "gnu++20";
				CLANG_ENABLE_MODULES = YES;
				CLANG_ENABLE_OBJC_ARC = YES;
				CLANG_ENABLE_OBJC_WEAK = YES;
				CLANG_WARN_BLOCK_CAPTURE_AUTORELEASING = YES;
				CLANG_WARN_BOOL_CONVERSION = YES;
				CLANG_WARN_COMMA = YES;
				CLANG_WARN_CONSTANT_CONVERSION = YES;
				CLANG_WARN_DEPRECATED_OBJC_IMPLEMENTATIONS = YES;
				CLANG_WARN_DIRECT_OBJC_ISA_USAGE = YES_ERROR;
				CLANG_WARN_DOCUMENTATION_COMMENTS = YES;
				CLANG_WARN_EMPTY_BODY = YES;
				CLANG_WARN_ENUM_CONVERSION = YES;
				CLANG_WARN_INFINITE_RECURSION = YES;
				CLANG_WARN_INT_CONVERSION = YES;
				CLANG_WARN_NON_LITERAL_NULL_CONVERSION = YES;
				CLANG_WARN_OBJC_IMPLICIT_RETAIN_SELF = YES;
				CLANG_WARN_OBJC_LITERAL_CONVERSION = YES;
				CLANG_WARN_OBJC_ROOT_CLASS = YES_ERROR;
				CLANG_WARN_QUOTED_INCLUDE_IN_FRAMEWORK_HEADER = YES;
				CLANG_WARN_RANGE_LOOP_ANALYSIS = YES;
				CLANG_WARN_STRICT_PROTOTYPES = YES;
				CLANG_WARN_SUSPICIOUS_MOVE = YES;
				CLANG_WARN_UNGUARDED_AVAILABILITY = YES_AGGRESSIVE;
				CLANG_WARN_UNREACHABLE_CODE = YES;
				CLANG_WARN__DUPLICATE_METHOD_MATCH = YES;
				COPY_PHASE_STRIP = NO;
				DEBUG_INFORMATION_FORMAT = dwarf;
				DEVELOPMENT_TEAM = V93NASSTY2;
				ENABLE_STRICT_OBJC_MSGSEND = YES;
				ENABLE_TESTABILITY = YES;
				ENABLE_USER_SCRIPT_SANDBOXING = YES;
				GCC_C_LANGUAGE_STANDARD = gnu17;
				GCC_DYNAMIC_NO_PIC = NO;
				GCC_NO_COMMON_BLOCKS = YES;
				GCC_OPTIMIZATION_LEVEL = 0;
				GCC_PREPROCESSOR_DEFINITIONS = (
					"DEBUG=1",
					"$(inherited)",
				);
				GCC_WARN_64_TO_32_BIT_CONVERSION = YES;
				GCC_WARN_ABOUT_RETURN_TYPE = YES_ERROR;
				GCC_WARN_UNDECLARED_SELECTOR = YES;
				GCC_WARN_UNINITIALIZED_AUTOS = YES_AGGRESSIVE;
				GCC_WARN_UNUSED_FUNCTION = YES;
				GCC_WARN_UNUSED_VARIABLE = YES;
				IPHONEOS_DEPLOYMENT_TARGET = 26.4;
				LOCALIZATION_PREFERS_STRING_CATALOGS = YES;
				MTL_ENABLE_DEBUG_INFO = INCLUDE_SOURCE;
				MTL_FAST_MATH = YES;
				ONLY_ACTIVE_ARCH = YES;
				SDKROOT = iphoneos;
				SWIFT_ACTIVE_COMPILATION_CONDITIONS = "DEBUG $(inherited)";
				SWIFT_OPTIMIZATION_LEVEL = "-Onone";
			};
			name = Debug;
		};
		1814E5B82F9AEE29004DF657 /* Release */ = {
			isa = XCBuildConfiguration;
			buildSettings = {
				ALWAYS_SEARCH_USER_PATHS = NO;
				ASSETCATALOG_COMPILER_GENERATE_SWIFT_ASSET_SYMBOL_EXTENSIONS = YES;
				CLANG_ANALYZER_NONNULL = YES;
				CLANG_ANALYZER_NUMBER_OBJECT_CONVERSION = YES_AGGRESSIVE;
				CLANG_CXX_LANGUAGE_STANDARD = "gnu++20";
				CLANG_ENABLE_MODULES = YES;
				CLANG_ENABLE_OBJC_ARC = YES;
				CLANG_ENABLE_OBJC_WEAK = YES;
				CLANG_WARN_BLOCK_CAPTURE_AUTORELEASING = YES;
				CLANG_WARN_BOOL_CONVERSION = YES;
				CLANG_WARN_COMMA = YES;
				CLANG_WARN_CONSTANT_CONVERSION = YES;
				CLANG_WARN_DEPRECATED_OBJC_IMPLEMENTATIONS = YES;
				CLANG_WARN_DIRECT_OBJC_ISA_USAGE = YES_ERROR;
				CLANG_WARN_DOCUMENTATION_COMMENTS = YES;
				CLANG_WARN_EMPTY_BODY = YES;
				CLANG_WARN_ENUM_CONVERSION = YES;
				CLANG_WARN_INFINITE_RECURSION = YES;
				CLANG_WARN_INT_CONVERSION = YES;
				CLANG_WARN_NON_LITERAL_NULL_CONVERSION = YES;
				CLANG_WARN_OBJC_IMPLICIT_RETAIN_SELF = YES;
				CLANG_WARN_OBJC_LITERAL_CONVERSION = YES;
				CLANG_WARN_OBJC_ROOT_CLASS = YES_ERROR;
				CLANG_WARN_QUOTED_INCLUDE_IN_FRAMEWORK_HEADER = YES;
				CLANG_WARN_RANGE_LOOP_ANALYSIS = YES;
				CLANG_WARN_STRICT_PROTOTYPES = YES;
				CLANG_WARN_SUSPICIOUS_MOVE = YES;
				CLANG_WARN_UNGUARDED_AVAILABILITY = YES_AGGRESSIVE;
				CLANG_WARN_UNREACHABLE_CODE = YES;
				CLANG_WARN__DUPLICATE_METHOD_MATCH = YES;
				COPY_PHASE_STRIP = NO;
				DEBUG_INFORMATION_FORMAT = "dwarf-with-dsym";
				DEVELOPMENT_TEAM = V93NASSTY2;
				ENABLE_NS_ASSERTIONS = NO;
				ENABLE_STRICT_OBJC_MSGSEND = YES;
				ENABLE_USER_SCRIPT_SANDBOXING = YES;
				GCC_C_LANGUAGE_STANDARD = gnu17;
				GCC_NO_COMMON_BLOCKS = YES;
				GCC_WARN_64_TO_32_BIT_CONVERSION = YES;
				GCC_WARN_ABOUT_RETURN_TYPE = YES_ERROR;
				GCC_WARN_UNDECLARED_SELECTOR = YES;
				GCC_WARN_UNINITIALIZED_AUTOS = YES_AGGRESSIVE;
				GCC_WARN_UNUSED_FUNCTION = YES;
				GCC_WARN_UNUSED_VARIABLE = YES;
				IPHONEOS_DEPLOYMENT_TARGET = 26.4;
				LOCALIZATION_PREFERS_STRING_CATALOGS = YES;
				MTL_ENABLE_DEBUG_INFO = NO;
				MTL_FAST_MATH = YES;
				SDKROOT = iphoneos;
				SWIFT_COMPILATION_MODE = wholemodule;
				VALIDATE_PRODUCT = YES;
			};
			name = Release;
		};
		1814E5BA2F9AEE29004DF657 /* Debug */ = {
			isa = XCBuildConfiguration;
			buildSettings = {
				ASSETCATALOG_COMPILER_APPICON_NAME = AppIcon;
				ASSETCATALOG_COMPILER_GLOBAL_ACCENT_COLOR_NAME = AccentColor;
				CODE_SIGN_STYLE = Automatic;
				CURRENT_PROJECT_VERSION = 1;
				DEVELOPMENT_TEAM = V93NASSTY2;
				ENABLE_PREVIEWS = YES;
				GENERATE_INFOPLIST_FILE = YES;
				INFOPLIST_KEY_UIApplicationSceneManifest_Generation = YES;
				INFOPLIST_KEY_UIApplicationSupportsIndirectInputEvents = YES;
				INFOPLIST_KEY_UILaunchScreen_Generation = YES;
				INFOPLIST_KEY_UISupportedInterfaceOrientations_iPad = "UIInterfaceOrientationPortrait UIInterfaceOrientationPortraitUpsideDown UIInterfaceOrientationLandscapeLeft UIInterfaceOrientationLandscapeRight";
				INFOPLIST_KEY_UISupportedInterfaceOrientations_iPhone = "UIInterfaceOrientationPortrait UIInterfaceOrientationLandscapeLeft UIInterfaceOrientationLandscapeRight";
				LD_RUNPATH_SEARCH_PATHS = (
					"$(inherited)",
					"@executable_path/Frameworks",
				);
				MARKETING_VERSION = 1.0;
				PRODUCT_BUNDLE_IDENTIFIER = com.tony.LinguicaSubTracker;
				PRODUCT_NAME = "$(TARGET_NAME)";
				STRING_CATALOG_GENERATE_SYMBOLS = YES;
				SWIFT_APPROACHABLE_CONCURRENCY = YES;
				SWIFT_DEFAULT_ACTOR_ISOLATION = MainActor;
				SWIFT_EMIT_LOC_STRINGS = YES;
				SWIFT_UPCOMING_FEATURE_MEMBER_IMPORT_VISIBILITY = YES;
				SWIFT_VERSION = 5.0;
				TARGETED_DEVICE_FAMILY = "1,2";
			};
			name = Debug;
		};
		1814E5BB2F9AEE29004DF657 /* Release */ = {
			isa = XCBuildConfiguration;
			buildSettings = {
				ASSETCATALOG_COMPILER_APPICON_NAME = AppIcon;
				ASSETCATALOG_COMPILER_GLOBAL_ACCENT_COLOR_NAME = AccentColor;
				CODE_SIGN_STYLE = Automatic;
				CURRENT_PROJECT_VERSION = 1;
				DEVELOPMENT_TEAM = V93NASSTY2;
				ENABLE_PREVIEWS = YES;
				GENERATE_INFOPLIST_FILE = YES;
				INFOPLIST_KEY_UIApplicationSceneManifest_Generation = YES;
				INFOPLIST_KEY_UIApplicationSupportsIndirectInputEvents = YES;
				INFOPLIST_KEY_UILaunchScreen_Generation = YES;
				INFOPLIST_KEY_UISupportedInterfaceOrientations_iPad = "UIInterfaceOrientationPortrait UIInterfaceOrientationPortraitUpsideDown UIInterfaceOrientationLandscapeLeft UIInterfaceOrientationLandscapeRight";
				INFOPLIST_KEY_UISupportedInterfaceOrientations_iPhone = "UIInterfaceOrientationPortrait UIInterfaceOrientationLandscapeLeft UIInterfaceOrientationLandscapeRight";
				LD_RUNPATH_SEARCH_PATHS = (
					"$(inherited)",
					"@executable_path/Frameworks",
				);
				MARKETING_VERSION = 1.0;
				PRODUCT_BUNDLE_IDENTIFIER = com.tony.LinguicaSubTracker;
				PRODUCT_NAME = "$(TARGET_NAME)";
				STRING_CATALOG_GENERATE_SYMBOLS = YES;
				SWIFT_APPROACHABLE_CONCURRENCY = YES;
				SWIFT_DEFAULT_ACTOR_ISOLATION = MainActor;
				SWIFT_EMIT_LOC_STRINGS = YES;
				SWIFT_UPCOMING_FEATURE_MEMBER_IMPORT_VISIBILITY = YES;
				SWIFT_VERSION = 5.0;
				TARGETED_DEVICE_FAMILY = "1,2";
			};
			name = Release;
		};
		1814E5BD2F9AEE29004DF657 /* Debug */ = {
			isa = XCBuildConfiguration;
			buildSettings = {
				BUNDLE_LOADER = "$(TEST_HOST)";
				CODE_SIGN_STYLE = Automatic;
				CURRENT_PROJECT_VERSION = 1;
				DEVELOPMENT_TEAM = V93NASSTY2;
				GENERATE_INFOPLIST_FILE = YES;
				IPHONEOS_DEPLOYMENT_TARGET = 26.4;
				MARKETING_VERSION = 1.0;
				PRODUCT_BUNDLE_IDENTIFIER = com.tony.LinguicaSubTrackerTests;
				PRODUCT_NAME = "$(TARGET_NAME)";
				STRING_CATALOG_GENERATE_SYMBOLS = NO;
				SWIFT_APPROACHABLE_CONCURRENCY = YES;
				SWIFT_EMIT_LOC_STRINGS = NO;
				SWIFT_UPCOMING_FEATURE_MEMBER_IMPORT_VISIBILITY = YES;
				SWIFT_VERSION = 5.0;
				TARGETED_DEVICE_FAMILY = "1,2";
				TEST_HOST = "$(BUILT_PRODUCTS_DIR)/LinguicaSubTracker.app/$(BUNDLE_EXECUTABLE_FOLDER_PATH)/LinguicaSubTracker";
			};
			name = Debug;
		};
		1814E5BE2F9AEE29004DF657 /* Release */ = {
			isa = XCBuildConfiguration;
			buildSettings = {
				BUNDLE_LOADER = "$(TEST_HOST)";
				CODE_SIGN_STYLE = Automatic;
				CURRENT_PROJECT_VERSION = 1;
				DEVELOPMENT_TEAM = V93NASSTY2;
				GENERATE_INFOPLIST_FILE = YES;
				IPHONEOS_DEPLOYMENT_TARGET = 26.4;
				MARKETING_VERSION = 1.0;
				PRODUCT_BUNDLE_IDENTIFIER = com.tony.LinguicaSubTrackerTests;
				PRODUCT_NAME = "$(TARGET_NAME)";
				STRING_CATALOG_GENERATE_SYMBOLS = NO;
				SWIFT_APPROACHABLE_CONCURRENCY = YES;
				SWIFT_EMIT_LOC_STRINGS = NO;
				SWIFT_UPCOMING_FEATURE_MEMBER_IMPORT_VISIBILITY = YES;
				SWIFT_VERSION = 5.0;
				TARGETED_DEVICE_FAMILY = "1,2";
				TEST_HOST = "$(BUILT_PRODUCTS_DIR)/LinguicaSubTracker.app/$(BUNDLE_EXECUTABLE_FOLDER_PATH)/LinguicaSubTracker";
			};
			name = Release;
		};
		1814E5C02F9AEE29004DF657 /* Debug */ = {
			isa = XCBuildConfiguration;
			buildSettings = {
				CODE_SIGN_STYLE = Automatic;
				CURRENT_PROJECT_VERSION = 1;
				DEVELOPMENT_TEAM = V93NASSTY2;
				GENERATE_INFOPLIST_FILE = YES;
				MARKETING_VERSION = 1.0;
				PRODUCT_BUNDLE_IDENTIFIER = com.tony.LinguicaSubTrackerUITests;
				PRODUCT_NAME = "$(TARGET_NAME)";
				STRING_CATALOG_GENERATE_SYMBOLS = NO;
				SWIFT_APPROACHABLE_CONCURRENCY = YES;
				SWIFT_EMIT_LOC_STRINGS = NO;
				SWIFT_UPCOMING_FEATURE_MEMBER_IMPORT_VISIBILITY = YES;
				SWIFT_VERSION = 5.0;
				TARGETED_DEVICE_FAMILY = "1,2";
				TEST_TARGET_NAME = LinguicaSubTracker;
			};
			name = Debug;
		};
		1814E5C12F9AEE29004DF657 /* Release */ = {
			isa = XCBuildConfiguration;
			buildSettings = {
				CODE_SIGN_STYLE = Automatic;
				CURRENT_PROJECT_VERSION = 1;
				DEVELOPMENT_TEAM = V93NASSTY2;
				GENERATE_INFOPLIST_FILE = YES;
				MARKETING_VERSION = 1.0;
				PRODUCT_BUNDLE_IDENTIFIER = com.tony.LinguicaSubTrackerUITests;
				PRODUCT_NAME = "$(TARGET_NAME)";
				STRING_CATALOG_GENERATE_SYMBOLS = NO;
				SWIFT_APPROACHABLE_CONCURRENCY = YES;
				SWIFT_EMIT_LOC_STRINGS = NO;
				SWIFT_UPCOMING_FEATURE_MEMBER_IMPORT_VISIBILITY = YES;
				SWIFT_VERSION = 5.0;
				TARGETED_DEVICE_FAMILY = "1,2";
				TEST_TARGET_NAME = LinguicaSubTracker;
			};
			name = Release;
		};
/* End XCBuildConfiguration section */

/* Begin XCConfigurationList section */
		1814E5932F9AEE28004DF657 /* Build configuration list for PBXProject "LinguicaSubTracker" */ = {
			isa = XCConfigurationList;
			buildConfigurations = (
				1814E5B72F9AEE29004DF657 /* Debug */,
				1814E5B82F9AEE29004DF657 /* Release */,
			);
			defaultConfigurationIsVisible = 0;
			defaultConfigurationName = Release;
		};
		1814E5B92F9AEE29004DF657 /* Build configuration list for PBXNativeTarget "LinguicaSubTracker" */ = {
			isa = XCConfigurationList;
			buildConfigurations = (
				1814E5BA2F9AEE29004DF657 /* Debug */,
				1814E5BB2F9AEE29004DF657 /* Release */,
			);
			defaultConfigurationIsVisible = 0;
			defaultConfigurationName = Release;
		};
		1814E5BC2F9AEE29004DF657 /* Build configuration list for PBXNativeTarget "LinguicaSubTrackerTests" */ = {
			isa = XCConfigurationList;
			buildConfigurations = (
				1814E5BD2F9AEE29004DF657 /* Debug */,
				1814E5BE2F9AEE29004DF657 /* Release */,
			);
			defaultConfigurationIsVisible = 0;
			defaultConfigurationName = Release;
		};
		1814E5BF2F9AEE29004DF657 /* Build configuration list for PBXNativeTarget "LinguicaSubTrackerUITests" */ = {
			isa = XCConfigurationList;
			buildConfigurations = (
				1814E5C02F9AEE29004DF657 /* Debug */,
				1814E5C12F9AEE29004DF657 /* Release */,
			);
			defaultConfigurationIsVisible = 0;
			defaultConfigurationName = Release;
		};
/* End XCConfigurationList section */
	};
	rootObject = 1814E5902F9AEE28004DF657 /* Project object */;
}
